[[package]]
category = "main"
description = "Screen-scraping library"
name = "beautifulsoup4"
optional = false
python-versions = "*"
version = "4.8.2"

[package.dependencies]
soupsieve = ">=1.2"

[[package]]
category = "main"
description = "Dummy package for Beautiful Soup"
name = "bs4"
optional = false
python-versions = "*"
version = "0.0.1"

[package.dependencies]
beautifulsoup4 = "*"

[[package]]
category = "main"
description = "Powerful and Pythonic XML processing library combining libxml2/libxslt with the ElementTree API."
name = "lxml"
optional = false
python-versions = ">=2.7, !=3.0.*, !=3.1.*, !=3.2.*, !=3.3.*, != 3.4.*"
version = "4.4.2"

[[package]]
category = "main"
description = "A modern CSS selector implementation for Beautiful Soup."
name = "soupsieve"
optional = false
python-versions = "*"
version = "1.9.5"

[metadata]
content-hash = "6bde5905a4e946624723e0aa18f7007f6da3bc67163603726c34c81af630968a"
python-versions = "^3.7"

[metadata.hashes]
beautifulsoup4 = ["05fd825eb01c290877657a56df4c6e4c311b3965bda790c613a3d6fb01a5462a", "9fbb4d6e48ecd30bcacc5b63b94088192dcda178513b2ae3c394229f8911b887", "e1505eeed31b0f4ce2dbb3bc8eb256c04cc2b3b72af7d551a4ab6efd5cbe5dae"]
bs4 = ["36ecea1fd7cc5c0c6e4a1ff075df26d50da647b75376626cc186e2212886dd3a"]
lxml = ["00ac0d64949fef6b3693813fe636a2d56d97a5a49b5bbb86e4cc4cc50ebc9ea2", "0571e607558665ed42e450d7bf0e2941d542c18e117b1ebbf0ba72f287ad841c", "0e3f04a7615fdac0be5e18b2406529521d6dbdb0167d2a690ee328bef7807487", "13cf89be53348d1c17b453867da68704802966c433b2bb4fa1f970daadd2ef70", "217262fcf6a4c2e1c7cb1efa08bd9ebc432502abc6c255c4abab611e8be0d14d", "223e544828f1955daaf4cefbb4853bc416b2ec3fd56d4f4204a8b17007c21250", "277cb61fede2f95b9c61912fefb3d43fbd5f18bf18a14fae4911b67984486f5d", "3213f753e8ae86c396e0e066866e64c6b04618e85c723b32ecb0909885211f74", "4690984a4dee1033da0af6df0b7a6bde83f74e1c0c870623797cec77964de34d", "4fcc472ef87f45c429d3b923b925704aa581f875d65bac80f8ab0c3296a63f78", "61409bd745a265a742f2693e4600e4dbd45cc1daebe1d5fad6fcb22912d44145", "678f1963f755c5d9f5f6968dded7b245dd1ece8cf53c1aa9d80e6734a8c7f41d", "6c6d03549d4e2734133badb9ab1c05d9f0ef4bcd31d83e5d2b4747c85cfa21da", "6e74d5f4d6ecd6942375c52ffcd35f4318a61a02328f6f1bd79fcb4ffedf969e", "7b4fc7b1ecc987ca7aaf3f4f0e71bbfbd81aaabf87002558f5bc95da3a865bcd", "7ed386a40e172ddf44c061ad74881d8622f791d9af0b6f5be20023029129bc85", "8f54f0924d12c47a382c600c880770b5ebfc96c9fd94cf6f6bdc21caf6163ea7", "ad9b81351fdc236bda538efa6879315448411a81186c836d4b80d6ca8217cdb9", "bbd00e21ea17f7bcc58dccd13869d68441b32899e89cf6cfa90d624a9198ce85", "c3c289762cc09735e2a8f8a49571d0e8b4f57ea831ea11558247b5bdea0ac4db", "cf4650942de5e5685ad308e22bcafbccfe37c54aa7c0e30cd620c2ee5c93d336", "cfcbc33c9c59c93776aa41ab02e55c288a042211708b72fdb518221cc803abc8", "e301055deadfedbd80cf94f2f65ff23126b232b0d1fea28f332ce58137bcdb18", "ebbfe24df7f7b5c6c7620702496b6419f6a9aa2fd7f005eb731cc80d7b4692b9", "eff69ddbf3ad86375c344339371168640951c302450c5d3e9936e98d6459db06", "f6ed60a62c5f1c44e789d2cf14009423cb1646b44a43e40a9cf6a21f077678a1"]
soupsieve = ["bdb0d917b03a1369ce964056fc195cfdff8819c40de04695a80bc813c3cfa1f5", "e2c1c5dee4a1c36bcb790e0fabd5492d874b8ebd4617622c4f6a731701060dda"]
